
Microsoft Visual Studio Solution File, Format Version 12.00
# Visual Studio Version 17
VisualStudioVersion = 17.11.35222.181
MinimumVisualStudioVersion = 10.0.40219.1
Project("{8BC9CEB8-8B4A-11D0-8D11-00A0C91BC942}") = "lab23", "lab23.vcxproj", "{A591975C-C746-4309-964B-536A490E1A77}"
EndProject
Global
	GlobalSection(SolutionConfigurationPlatforms) = preSolution
		Debug|x64 = Debug|x64
		Debug|x86 = Debug|x86
		Release|x64 = Release|x64
		Release|x86 = Release|x86
	EndGlobalSection
	GlobalSection(ProjectConfigurationPlatforms) = postSolution
		{A591975C-C746-4309-964B-536A490E1A77}.Debug|x64.ActiveCfg = Debug|x64
		{A591975C-C746-4309-964B-536A490E1A77}.Debug|x64.Build.0 = Debug|x64
		{A591975C-C746-4309-964B-536A490E1A77}.Debug|x86.ActiveCfg = Debug|Win32
		{A591975C-C746-4309-964B-536A490E1A77}.Debug|x86.Build.0 = Debug|Win32
		{A591975C-C746-4309-964B-536A490E1A77}.Release|x64.ActiveCfg = Release|x64
		{A591975C-C746-4309-964B-536A490E1A77}.Release|x64.Build.0 = Release|x64
		{A591975C-C746-4309-964B-536A490E1A77}.Release|x86.ActiveCfg = Release|Win32
		{A591975C-C746-4309-964B-536A490E1A77}.Release|x86.Build.0 = Release|Win32
	EndGlobalSection
	GlobalSection(SolutionProperties) = preSolution
		HideSolutionNode = FALSE
	EndGlobalSection
	GlobalSection(ExtensibilityGlobals) = postSolution
		SolutionGuid = {7689A651-79B9-421C-B559-A4626E0F2EAE}
	EndGlobalSection
EndGlobal
